
Microsoft Visual Studio Solution File, Format Version 12.00
# Visual Studio 2013
VisualStudioVersion = 12.0.21005.1
MinimumVisualStudioVersion = 10.0.40219.1
Project("{FAE04EC0-301F-11D3-BF4B-00C04F79EFBC}") = "BlogTest", "BlogTest\BlogTest.csproj", "{3DF6CCB6-B67F-4757-8C74-61EE97EC77E1}"
EndProject
Project("{FAE04EC0-301F-11D3-BF4B-00C04F79EFBC}") = "BlogLogic", "BlogLogic\BlogLogic.csproj", "{AA1FF4F5-35F3-47A7-9546-DD107D3D5544}"
EndProject
Project("{FAE04EC0-301F-11D3-BF4B-00C04F79EFBC}") = "BlogData", "BlogData\BlogData.csproj", "{750A24CD-A206-48F0-8A52-B8EB37EE99F7}"
EndProject
Project("{FAE04EC0-301F-11D3-BF4B-00C04F79EFBC}") = "Blog.Entities", "Blog.Entities\Blog.Entities.csproj", "{AEDCD047-D054-449E-8619-A3D403DB87AB}"
EndProject
Project("{2150E333-8FDC-42A3-9474-1A3956D46DE8}") = "Solution Items", "Solution Items", "{A83E98EF-417F-44F8-99A4-AA6A5565BE16}"
	ProjectSection(SolutionItems) = preProject
		C:\Users\morga_000\Desktop\SQLQuery1.sql = C:\Users\morga_000\Desktop\SQLQuery1.sql
	EndProjectSection
EndProject
Global
	GlobalSection(SolutionConfigurationPlatforms) = preSolution
		Debug|Any CPU = Debug|Any CPU
		Release|Any CPU = Release|Any CPU
	EndGlobalSection
	GlobalSection(ProjectConfigurationPlatforms) = postSolution
		{3DF6CCB6-B67F-4757-8C74-61EE97EC77E1}.Debug|Any CPU.ActiveCfg = Debug|Any CPU
		{3DF6CCB6-B67F-4757-8C74-61EE97EC77E1}.Debug|Any CPU.Build.0 = Debug|Any CPU
		{3DF6CCB6-B67F-4757-8C74-61EE97EC77E1}.Release|Any CPU.ActiveCfg = Release|Any CPU
		{3DF6CCB6-B67F-4757-8C74-61EE97EC77E1}.Release|Any CPU.Build.0 = Release|Any CPU
		{AA1FF4F5-35F3-47A7-9546-DD107D3D5544}.Debug|Any CPU.ActiveCfg = Debug|Any CPU
		{AA1FF4F5-35F3-47A7-9546-DD107D3D5544}.Debug|Any CPU.Build.0 = Debug|Any CPU
		{AA1FF4F5-35F3-47A7-9546-DD107D3D5544}.Release|Any CPU.ActiveCfg = Release|Any CPU
		{AA1FF4F5-35F3-47A7-9546-DD107D3D5544}.Release|Any CPU.Build.0 = Release|Any CPU
		{750A24CD-A206-48F0-8A52-B8EB37EE99F7}.Debug|Any CPU.ActiveCfg = Debug|Any CPU
		{750A24CD-A206-48F0-8A52-B8EB37EE99F7}.Debug|Any CPU.Build.0 = Debug|Any CPU
		{750A24CD-A206-48F0-8A52-B8EB37EE99F7}.Release|Any CPU.ActiveCfg = Release|Any CPU
		{750A24CD-A206-48F0-8A52-B8EB37EE99F7}.Release|Any CPU.Build.0 = Release|Any CPU
		{AEDCD047-D054-449E-8619-A3D403DB87AB}.Debug|Any CPU.ActiveCfg = Debug|Any CPU
		{AEDCD047-D054-449E-8619-A3D403DB87AB}.Debug|Any CPU.Build.0 = Debug|Any CPU
		{AEDCD047-D054-449E-8619-A3D403DB87AB}.Release|Any CPU.ActiveCfg = Release|Any CPU
		{AEDCD047-D054-449E-8619-A3D403DB87AB}.Release|Any CPU.Build.0 = Release|Any CPU
	EndGlobalSection
	GlobalSection(SolutionProperties) = preSolution
		HideSolutionNode = FALSE
	EndGlobalSection
EndGlobal
